<?xml version="1.0" encoding="utf-8"?>
<Project ToolsVersion="4.0" xmlns="http://schemas.microsoft.com/developer/msbuild/2003">
  <ItemGroup>
    <Filter Include="main">
      <UniqueIdentifier>{6e55d1c9-d94b-4a8a-88fd-20113e3892d6}</UniqueIdentifier>
    </Filter>
    <Filter Include="glfw-cxx">
      <UniqueIdentifier>{824e33c1-f23f-4c8c-8590-dfd33eefdc67}</UniqueIdentifier>
    </Filter>
    <Filter Include="glfw-cxx\headers">
      <UniqueIdentifier>{74dc6072-5f0b-40b4-a00e-ee2f77bb832d}</UniqueIdentifier>
    </Filter>
    <Filter Include="glfw-cxx\sources">
      <UniqueIdentifier>{3953e3ac-0f96-460c-9c9d-401a19d2ea3c}</UniqueIdentifier>
    </Filter>
    <Filter Include="gl-cxx">
      <UniqueIdentifier>{5315449b-1808-4059-97db-17e01b8afd24}</UniqueIdentifier>
    </Filter>
    <Filter Include="main\headers">
      <UniqueIdentifier>{b9ab8e9c-d32c-4761-9097-74f48ed92fea}</UniqueIdentifier>
    </Filter>
    <Filter Include="main\sources">
      <UniqueIdentifier>{0e926305-30aa-4426-828c-7dc7c028df4a}</UniqueIdentifier>
    </Filter>
    <Filter Include="gl-cxx\headers">
      <UniqueIdentifier>{672cf0a3-7b3d-4710-988c-957a8b0b4514}</UniqueIdentifier>
    </Filter>
    <Filter Include="gl-cxx\sources">
      <UniqueIdentifier>{ec13e297-b06b-4b24-b9ad-176215d2e0a1}</UniqueIdentifier>
    </Filter>
    <Filter Include="shaders">
      <UniqueIdentifier>{794461b4-c40b-43e3-8bf2-887e07bd8a33}</UniqueIdentifier>
    </Filter>
    <Filter Include="dirichlet">
      <UniqueIdentifier>{88ceae76-697e-474c-b7e8-9dedbc957906}</UniqueIdentifier>
    </Filter>
    <Filter Include="handle">
      <UniqueIdentifier>{d8adf1d2-4534-4a05-9b94-4833b7835b7d}</UniqueIdentifier>
    </Filter>
    <Filter Include="storage">
      <UniqueIdentifier>{101b48eb-7081-46fb-9f36-a08316e39ee4}</UniqueIdentifier>
    </Filter>
    <Filter Include="dirichlet\headers">
      <UniqueIdentifier>{0c82ba62-ccae-4775-8ad8-c315a11bf38a}</UniqueIdentifier>
    </Filter>
    <Filter Include="dirichlet\sources">
      <UniqueIdentifier>{912721c4-2b3b-4773-8b51-eea76ce3ebdb}</UniqueIdentifier>
    </Filter>
    <Filter Include="modules">
      <UniqueIdentifier>{b8473994-0f73-433c-8c95-ae104cbe4e66}</UniqueIdentifier>
    </Filter>
    <Filter Include="modules\headers">
      <UniqueIdentifier>{8a9dff74-a6f9-4549-95f2-8549ee41907d}</UniqueIdentifier>
    </Filter>
    <Filter Include="modules\sources">
      <UniqueIdentifier>{6744f868-9977-4e9f-8ba2-1d4585668480}</UniqueIdentifier>
    </Filter>
  </ItemGroup>
  <ItemGroup>
    <ClCompile Include="glfw-cxx\sources\glfw3.cpp">
      <Filter>glfw-cxx\sources</Filter>
    </ClCompile>
    <ClCompile Include="glfw-cxx\sources\opengl-loader.cpp">
      <Filter>glfw-cxx\sources</Filter>
    </ClCompile>
    <ClCompile Include="main.cpp">
      <Filter>main\sources</Filter>
    </ClCompile>
    <ClCompile Include="main-window.cpp">
      <Filter>main\sources</Filter>
    </ClCompile>
    <ClCompile Include="app.cpp">
      <Filter>main\sources</Filter>
    </ClCompile>
    <ClCompile Include="dirichlet\jacoby.cpp">
      <Filter>dirichlet\sources</Filter>
    </ClCompile>
    <ClCompile Include="dirichlet\red_black.cpp">
      <Filter>dirichlet\sources</Filter>
    </ClCompile>
    <ClCompile Include="dirichlet\red_black_smt.cpp">
      <Filter>dirichlet\sources</Filter>
    </ClCompile>
    <ClCompile Include="dirichlet\red_black_smtm.cpp">
      <Filter>dirichlet\sources</Filter>
    </ClCompile>
    <ClCompile Include="dirichlet\red_black_tiled.cpp">
      <Filter>dirichlet\sources</Filter>
    </ClCompile>
    <ClCompile Include="dirichlet\time_query.cpp">
      <Filter>dirichlet\sources</Filter>
    </ClCompile>
    <ClCompile Include="gl-cxx\gl-res.cpp">
      <Filter>gl-cxx\sources</Filter>
    </ClCompile>
    <ClCompile Include="gl-cxx\gl-res-util.cpp">
      <Filter>gl-cxx\sources</Filter>
    </ClCompile>
    <ClCompile Include="gl-cxx\gl-state-info.cpp">
      <Filter>gl-cxx\sources</Filter>
    </ClCompile>
    <ClCompile Include="dirichlet\dirichlet_dataaabb2d.cpp">
      <Filter>dirichlet\sources</Filter>
    </ClCompile>
    <ClCompile Include="dirichlet\dirichlet_domainaabb2d.cpp">
      <Filter>dirichlet\sources</Filter>
    </ClCompile>
    <ClCompile Include="dirichlet\dirichlet_handle.cpp">
      <Filter>dirichlet\sources</Filter>
    </ClCompile>
    <ClCompile Include="dirichlet\dirichlet_util.cpp">
      <Filter>dirichlet\sources</Filter>
    </ClCompile>
    <ClCompile Include="glsl-preproc.cpp">
      <Filter>main\sources</Filter>
    </ClCompile>
    <ClCompile Include="dirichlet\red_black_smt_s.cpp">
      <Filter>dirichlet\sources</Filter>
    </ClCompile>
    <ClCompile Include="dirichlet\red_black_smtm_s.cpp">
      <Filter>dirichlet\sources</Filter>
    </ClCompile>
    <ClCompile Include="dependency-resolver.cpp">
      <Filter>main\sources</Filter>
    </ClCompile>
    <ClCompile Include="file-util.cpp">
      <Filter>main\sources</Filter>
    </ClCompile>
    <ClCompile Include="shader-loader.cpp">
      <Filter>main\sources</Filter>
    </ClCompile>
    <ClCompile Include="shader-path-resolver.cpp">
      <Filter>main\sources</Filter>
    </ClCompile>
    <ClCompile Include="shader-storage.cpp">
      <Filter>main\sources</Filter>
    </ClCompile>
    <ClCompile Include="window-builder.cpp">
      <Filter>main\sources</Filter>
    </ClCompile>
    <ClCompile Include="program-builder.cpp">
      <Filter>main\sources</Filter>
    </ClCompile>
    <ClCompile Include="program-storage.cpp">
      <Filter>main\sources</Filter>
    </ClCompile>
    <ClCompile Include="glfw-guard.cpp">
      <Filter>main\sources</Filter>
    </ClCompile>
    <ClCompile Include="modules\dirichlet-module.cpp">
      <Filter>modules\sources</Filter>
    </ClCompile>
    <ClCompile Include="modules\glfw-module.cpp">
      <Filter>modules\sources</Filter>
    </ClCompile>
    <ClCompile Include="modules\module.cpp">
      <Filter>modules\sources</Filter>
    </ClCompile>
    <ClCompile Include="modules\programs-module.cpp">
      <Filter>modules\sources</Filter>
    </ClCompile>
    <ClCompile Include="modules\shaders-module.cpp">
      <Filter>modules\sources</Filter>
    </ClCompile>
    <ClCompile Include="modules\window-module.cpp">
      <Filter>modules\sources</Filter>
    </ClCompile>
    <ClCompile Include="modules\bundle.cpp">
      <Filter>modules\sources</Filter>
    </ClCompile>
    <ClCompile Include="config-builder.cpp">
      <Filter>main\sources</Filter>
    </ClCompile>
    <ClCompile Include="modules\app-module.cpp">
      <Filter>modules\sources</Filter>
    </ClCompile>
    <ClCompile Include="modules\output-module.cpp">
      <Filter>modules\sources</Filter>
    </ClCompile>
  </ItemGroup>
  <ItemGroup>
    <ClInclude Include="glfw-cxx\glfw3.h">
      <Filter>glfw-cxx\headers</Filter>
    </ClInclude>
    <ClInclude Include="glfw-cxx\opengl-loader.h">
      <Filter>glfw-cxx\headers</Filter>
    </ClInclude>
    <ClInclude Include="handle.h">
      <Filter>handle</Filter>
    </ClInclude>
    <ClInclude Include="handle-pool.h">
      <Filter>handle</Filter>
    </ClInclude>
    <ClInclude Include="storage.h">
      <Filter>storage</Filter>
    </ClInclude>
    <ClInclude Include="main-window.h">
      <Filter>main\headers</Filter>
    </ClInclude>
    <ClInclude Include="app.h">
      <Filter>main\headers</Filter>
    </ClInclude>
    <ClInclude Include="app-system.h">
      <Filter>main\headers</Filter>
    </ClInclude>
    <ClInclude Include="core.h">
      <Filter>main\headers</Filter>
    </ClInclude>
    <ClInclude Include="dirichlet\dirichlet-2d.h">
      <Filter>dirichlet\headers</Filter>
    </ClInclude>
    <ClInclude Include="dirichlet\jacoby.h">
      <Filter>dirichlet\headers</Filter>
    </ClInclude>
    <ClInclude Include="dirichlet\red_black.h">
      <Filter>dirichlet\headers</Filter>
    </ClInclude>
    <ClInclude Include="dirichlet\red_black_smt.h">
      <Filter>dirichlet\headers</Filter>
    </ClInclude>
    <ClInclude Include="dirichlet\red_black_smtm.h">
      <Filter>dirichlet\headers</Filter>
    </ClInclude>
    <ClInclude Include="dirichlet\red_black_tiled.h">
      <Filter>dirichlet\headers</Filter>
    </ClInclude>
    <ClInclude Include="dirichlet\time_query.h">
      <Filter>dirichlet\headers</Filter>
    </ClInclude>
    <ClInclude Include="gl-cxx\gl-header.h">
      <Filter>gl-cxx\headers</Filter>
    </ClInclude>
    <ClInclude Include="gl-cxx\gl-res.h">
      <Filter>gl-cxx\headers</Filter>
    </ClInclude>
    <ClInclude Include="gl-cxx\gl-res-util.h">
      <Filter>gl-cxx\headers</Filter>
    </ClInclude>
    <ClInclude Include="gl-cxx\gl-state-info.h">
      <Filter>gl-cxx\headers</Filter>
    </ClInclude>
    <ClInclude Include="gl-cxx\gl-types.h">
      <Filter>gl-cxx\headers</Filter>
    </ClInclude>
    <ClInclude Include="gl-cxx\gl-fwd.h">
      <Filter>gl-cxx\headers</Filter>
    </ClInclude>
    <ClInclude Include="dirichlet\dirichlet_dataaabb2d.h">
      <Filter>dirichlet\headers</Filter>
    </ClInclude>
    <ClInclude Include="dirichlet\dirichlet_domainaabb2d.h">
      <Filter>dirichlet\headers</Filter>
    </ClInclude>
    <ClInclude Include="dirichlet\dirichlet_fwd.h">
      <Filter>dirichlet\headers</Filter>
    </ClInclude>
    <ClInclude Include="dirichlet\dirichlet_function.h">
      <Filter>dirichlet\headers</Filter>
    </ClInclude>
    <ClInclude Include="dirichlet\dirichlet_handle.h">
      <Filter>dirichlet\headers</Filter>
    </ClInclude>
    <ClInclude Include="dirichlet\dirichlet_util.h">
      <Filter>dirichlet\headers</Filter>
    </ClInclude>
    <ClInclude Include="dirichlet\resource_provider.h">
      <Filter>dirichlet\headers</Filter>
    </ClInclude>
    <ClInclude Include="glsl-preproc.h">
      <Filter>main\headers</Filter>
    </ClInclude>
    <ClInclude Include="dirichlet\red_black_smt_s.h">
      <Filter>dirichlet\headers</Filter>
    </ClInclude>
    <ClInclude Include="dirichlet\red_black_smtm_s.h">
      <Filter>dirichlet\headers</Filter>
    </ClInclude>
    <ClInclude Include="cfg.h">
      <Filter>main\headers</Filter>
    </ClInclude>
    <ClInclude Include="cfg-fwd.h">
      <Filter>main\headers</Filter>
    </ClInclude>
    <ClInclude Include="dependency.h">
      <Filter>main\headers</Filter>
    </ClInclude>
    <ClInclude Include="dependency-resolver.h">
      <Filter>main\headers</Filter>
    </ClInclude>
    <ClInclude Include="file-util.h">
      <Filter>main\headers</Filter>
    </ClInclude>
    <ClInclude Include="fs.h">
      <Filter>main\headers</Filter>
    </ClInclude>
    <ClInclude Include="placeholder.h">
      <Filter>main\headers</Filter>
    </ClInclude>
    <ClInclude Include="shader-loader.h">
      <Filter>main\headers</Filter>
    </ClInclude>
    <ClInclude Include="shader-path-resolver.h">
      <Filter>main\headers</Filter>
    </ClInclude>
    <ClInclude Include="shader-provider.h">
      <Filter>main\headers</Filter>
    </ClInclude>
    <ClInclude Include="shader-storage.h">
      <Filter>main\headers</Filter>
    </ClInclude>
    <ClInclude Include="type-id.h">
      <Filter>main\headers</Filter>
    </ClInclude>
    <ClInclude Include="window-builder.h">
      <Filter>main\headers</Filter>
    </ClInclude>
    <ClInclude Include="static-storage.h">
      <Filter>main\headers</Filter>
    </ClInclude>
    <ClInclude Include="program-builder.h">
      <Filter>main\headers</Filter>
    </ClInclude>
    <ClInclude Include="program-storage.h">
      <Filter>main\headers</Filter>
    </ClInclude>
    <ClInclude Include="dirichlet\dirichlet-proxy.h">
      <Filter>dirichlet\headers</Filter>
    </ClInclude>
    <ClInclude Include="dirichlet\dirichlet_cfg.h">
      <Filter>dirichlet\headers</Filter>
    </ClInclude>
    <ClInclude Include="dirichlet-params.h">
      <Filter>main\headers</Filter>
    </ClInclude>
    <ClInclude Include="parse-util.h">
      <Filter>main\headers</Filter>
    </ClInclude>
    <ClInclude Include="glfw-guard.h">
      <Filter>main\headers</Filter>
    </ClInclude>
    <ClInclude Include="modules\dirichlet-module.h">
      <Filter>modules\headers</Filter>
    </ClInclude>
    <ClInclude Include="modules\glfw-module.h">
      <Filter>modules\headers</Filter>
    </ClInclude>
    <ClInclude Include="modules\module.h">
      <Filter>modules\headers</Filter>
    </ClInclude>
    <ClInclude Include="modules\module-builders.h">
      <Filter>modules\headers</Filter>
    </ClInclude>
    <ClInclude Include="modules\programs-module.h">
      <Filter>modules\headers</Filter>
    </ClInclude>
    <ClInclude Include="modules\shaders-module.h">
      <Filter>modules\headers</Filter>
    </ClInclude>
    <ClInclude Include="modules\window-module.h">
      <Filter>modules\headers</Filter>
    </ClInclude>
    <ClInclude Include="modules\module-dependencies.h">
      <Filter>modules\headers</Filter>
    </ClInclude>
    <ClInclude Include="modules\bundle.h">
      <Filter>modules\headers</Filter>
    </ClInclude>
    <ClInclude Include="config-builder.h">
      <Filter>main\headers</Filter>
    </ClInclude>
    <ClInclude Include="app-params.h">
      <Filter>main\headers</Filter>
    </ClInclude>
    <ClInclude Include="output-params.h">
      <Filter>main\headers</Filter>
    </ClInclude>
    <ClInclude Include="modules\app-module.h">
      <Filter>modules\headers</Filter>
    </ClInclude>
    <ClInclude Include="modules\output-module.h">
      <Filter>modules\headers</Filter>
    </ClInclude>
  </ItemGroup>
  <ItemGroup>
    <None Include="shaders\quad.frag">
      <Filter>shaders</Filter>
    </None>
    <None Include="shaders\quad.vert">
      <Filter>shaders</Filter>
    </None>
    <None Include="shaders\test_compute.comp">
      <Filter>shaders</Filter>
    </None>
    <None Include="shaders\jacoby.comp">
      <Filter>shaders</Filter>
    </None>
    <None Include="shaders\red_black.comp">
      <Filter>shaders</Filter>
    </None>
    <None Include="shaders\red_black_smtm_st0.comp">
      <Filter>shaders</Filter>
    </None>
    <None Include="shaders\red_black_smtm_st1.comp">
      <Filter>shaders</Filter>
    </None>
    <None Include="shaders\red_black_smt_st0.comp">
      <Filter>shaders</Filter>
    </None>
    <None Include="shaders\red_black_smt_st1.comp">
      <Filter>shaders</Filter>
    </None>
    <None Include="shaders\red_black_smt_s.comp">
      <Filter>shaders</Filter>
    </None>
    <None Include="shaders\red_black_smtm_s.comp">
      <Filter>shaders</Filter>
    </None>
    <None Include="shaders\red_black_tiled.comp">
      <Filter>shaders</Filter>
    </None>
  </ItemGroup>
</Project>