<?xml version="1.0" encoding="utf-8"?>
<Project ToolsVersion="4.0" xmlns="http://schemas.microsoft.com/developer/msbuild/2003">
  <ItemGroup>
    <Filter Include="main">
      <UniqueIdentifier>{6e55d1c9-d94b-4a8a-88fd-20113e3892d6}</UniqueIdentifier>
    </Filter>
    <Filter Include="glfw-cxx">
      <UniqueIdentifier>{824e33c1-f23f-4c8c-8590-dfd33eefdc67}</UniqueIdentifier>
    </Filter>
    <Filter Include="glfw-cxx\headers">
      <UniqueIdentifier>{74dc6072-5f0b-40b4-a00e-ee2f77bb832d}</UniqueIdentifier>
    </Filter>
    <Filter Include="glfw-cxx\sources">
      <UniqueIdentifier>{3953e3ac-0f96-460c-9c9d-401a19d2ea3c}</UniqueIdentifier>
    </Filter>
    <Filter Include="gl-cxx">
      <UniqueIdentifier>{5315449b-1808-4059-97db-17e01b8afd24}</UniqueIdentifier>
    </Filter>
    <Filter Include="main\headers">
      <UniqueIdentifier>{b9ab8e9c-d32c-4761-9097-74f48ed92fea}</UniqueIdentifier>
    </Filter>
    <Filter Include="main\sources">
      <UniqueIdentifier>{0e926305-30aa-4426-828c-7dc7c028df4a}</UniqueIdentifier>
    </Filter>
    <Filter Include="gl-cxx\headers">
      <UniqueIdentifier>{672cf0a3-7b3d-4710-988c-957a8b0b4514}</UniqueIdentifier>
    </Filter>
    <Filter Include="gl-cxx\sources">
      <UniqueIdentifier>{ec13e297-b06b-4b24-b9ad-176215d2e0a1}</UniqueIdentifier>
    </Filter>
    <Filter Include="shaders">
      <UniqueIdentifier>{794461b4-c40b-43e3-8bf2-887e07bd8a33}</UniqueIdentifier>
    </Filter>
    <Filter Include="dirichlet">
      <UniqueIdentifier>{88ceae76-697e-474c-b7e8-9dedbc957906}</UniqueIdentifier>
    </Filter>
    <Filter Include="handle">
      <UniqueIdentifier>{d8adf1d2-4534-4a05-9b94-4833b7835b7d}</UniqueIdentifier>
    </Filter>
    <Filter Include="storage">
      <UniqueIdentifier>{101b48eb-7081-46fb-9f36-a08316e39ee4}</UniqueIdentifier>
    </Filter>
  </ItemGroup>
  <ItemGroup>
    <ClCompile Include="glfw-cxx\sources\glfw3.cpp">
      <Filter>glfw-cxx\sources</Filter>
    </ClCompile>
    <ClCompile Include="glfw-cxx\sources\opengl-loader.cpp">
      <Filter>glfw-cxx\sources</Filter>
    </ClCompile>
    <ClCompile Include="main.cpp">
      <Filter>main\sources</Filter>
    </ClCompile>
    <ClCompile Include="main-window.cpp">
      <Filter>main\sources</Filter>
    </ClCompile>
    <ClCompile Include="graphics-res.cpp">
      <Filter>gl-cxx\sources</Filter>
    </ClCompile>
    <ClCompile Include="graphics-res-util.cpp">
      <Filter>gl-cxx\sources</Filter>
    </ClCompile>
    <ClCompile Include="app.cpp">
      <Filter>main\sources</Filter>
    </ClCompile>
  </ItemGroup>
  <ItemGroup>
    <ClInclude Include="glfw-cxx\glfw3.h">
      <Filter>glfw-cxx\headers</Filter>
    </ClInclude>
    <ClInclude Include="glfw-cxx\opengl-loader.h">
      <Filter>glfw-cxx\headers</Filter>
    </ClInclude>
    <ClInclude Include="gl-header.h">
      <Filter>gl-cxx\headers</Filter>
    </ClInclude>
    <ClInclude Include="graphics-res.h">
      <Filter>gl-cxx\headers</Filter>
    </ClInclude>
    <ClInclude Include="graphics-res-util.h">
      <Filter>gl-cxx\headers</Filter>
    </ClInclude>
    <ClInclude Include="dirichlet-2d.h">
      <Filter>dirichlet</Filter>
    </ClInclude>
    <ClInclude Include="handle.h">
      <Filter>handle</Filter>
    </ClInclude>
    <ClInclude Include="handle-pool.h">
      <Filter>handle</Filter>
    </ClInclude>
    <ClInclude Include="storage.h">
      <Filter>storage</Filter>
    </ClInclude>
    <ClInclude Include="main-window.h">
      <Filter>main\headers</Filter>
    </ClInclude>
    <ClInclude Include="app.h">
      <Filter>main\headers</Filter>
    </ClInclude>
    <ClInclude Include="app-system.h">
      <Filter>main\headers</Filter>
    </ClInclude>
    <ClInclude Include="core.h">
      <Filter>main\headers</Filter>
    </ClInclude>
    <ClInclude Include="dirichlet_system.h">
      <Filter>main\headers</Filter>
    </ClInclude>
    <ClInclude Include="element_registry.h">
      <Filter>main\headers</Filter>
    </ClInclude>
    <ClInclude Include="gl-state-info.h">
      <Filter>gl-cxx\headers</Filter>
    </ClInclude>
  </ItemGroup>
  <ItemGroup>
    <None Include="shaders\quad.frag">
      <Filter>shaders</Filter>
    </None>
    <None Include="shaders\quad.vert">
      <Filter>shaders</Filter>
    </None>
    <None Include="shaders\test_compute.comp">
      <Filter>shaders</Filter>
    </None>
    <None Include="shaders\jacoby.comp">
      <Filter>shaders</Filter>
    </None>
    <None Include="shaders\red_black.comp">
      <Filter>shaders</Filter>
    </None>
    <None Include="shaders\red_black_tiled0.comp">
      <Filter>shaders</Filter>
    </None>
    <None Include="shaders\red_black_tiled1.comp">
      <Filter>shaders</Filter>
    </None>
    <None Include="shaders\red_black_smtm_st0.comp">
      <Filter>shaders</Filter>
    </None>
    <None Include="shaders\red_black_smtm_st1.comp">
      <Filter>shaders</Filter>
    </None>
  </ItemGroup>
</Project>